lockfileVersion: '9.0'

settings:
  autoInstallPeers: true
  excludeLinksFromLockfile: false

importers:

  .:
    dependencies:
      '@ai-sdk/openai':
        specifier: ^2.0.42
        version: 2.0.42(zod@4.1.11)
      ai:
        specifier: ^5.0.60
        version: 5.0.60(zod@4.1.11)
      dotenv:
        specifier: ^17.2.3
        version: 17.2.3

packages:

  '@ai-sdk/gateway@1.0.33':
    resolution: {integrity: sha512-v9i3GPEo4t3fGcSkQkc07xM6KJN75VUv7C1Mqmmsu2xD8lQwnQfsrgAXyNuWe20yGY0eHuheSPDZhiqsGKtH1g==}
    engines: {node: '>=18'}
    peerDependencies:
      zod: ^3.25.76 || ^4.1.8

  '@ai-sdk/openai@2.0.42':
    resolution: {integrity: sha512-9mM6QS8k0ooH9qMC27nlrYLQmNDnO6Rk0JTmFo/yUxpABEWOcvQhMWNHbp9lFL6Ty5vkdINrujhsAQfWuEleOg==}
    engines: {node: '>=18'}
    peerDependencies:
      zod: ^3.25.76 || ^4.1.8

  '@ai-sdk/provider-utils@3.0.10':
    resolution: {integrity: sha512-T1gZ76gEIwffep6MWI0QNy9jgoybUHE7TRaHB5k54K8mF91ciGFlbtCGxDYhMH3nCRergKwYFIDeFF0hJSIQHQ==}
    engines: {node: '>=18'}
    peerDependencies:
      zod: ^3.25.76 || ^4.1.8

  '@ai-sdk/provider@2.0.0':
    resolution: {integrity: sha512-6o7Y2SeO9vFKB8lArHXehNuusnpddKPk7xqL7T2/b+OvXMRIXUO1rR4wcv1hAFUAT9avGZshty3Wlua/XA7TvA==}
    engines: {node: '>=18'}

  '@opentelemetry/api@1.9.0':
    resolution: {integrity: sha512-3giAOQvZiH5F9bMlMiv8+GSPMeqg0dbaeo58/0SlA9sxSqZhnUtxzX9/2FzyhS9sWQf5S0GJE0AKBrFqjpeYcg==}
    engines: {node: '>=8.0.0'}

  '@standard-schema/spec@1.0.0':
    resolution: {integrity: sha512-m2bOd0f2RT9k8QJx1JN85cZYyH1RqFBdlwtkSlf4tBDYLCiiZnv1fIIwacK6cqwXavOydf0NPToMQgpKq+dVlA==}

  '@vercel/oidc@3.0.1':
    resolution: {integrity: sha512-V/YRVrJDqM6VaMBjRUrd6qRMrTKvZjHdVdEmdXsOZMulTa3iK98ijKTc3wldBmst6W5rHpqMoKllKcBAHgN7GQ==}
    engines: {node: '>= 20'}

  ai@5.0.60:
    resolution: {integrity: sha512-80U/3kmdBW6g+JkLXpz/P2EwkyEaWlPlYtuLUpx/JYK9F7WZh9NnkYoh1KvUi1Sbpo0NyurBTvX0a2AG9mmbDA==}
    engines: {node: '>=18'}
    peerDependencies:
      zod: ^3.25.76 || ^4.1.8

  dotenv@17.2.3:
    resolution: {integrity: sha512-JVUnt+DUIzu87TABbhPmNfVdBDt18BLOWjMUFJMSi/Qqg7NTYtabbvSNJGOJ7afbRuv9D/lngizHtP7QyLQ+9w==}
    engines: {node: '>=12'}

  eventsource-parser@3.0.6:
    resolution: {integrity: sha512-Vo1ab+QXPzZ4tCa8SwIHJFaSzy4R6SHf7BY79rFBDf0idraZWAkYrDjDj8uWaSm3S2TK+hJ7/t1CEmZ7jXw+pg==}
    engines: {node: '>=18.0.0'}

  json-schema@0.4.0:
    resolution: {integrity: sha512-es94M3nTIfsEPisRafak+HDLfHXnKBhV3vU5eqPcS3flIWqcxJWgXHXiey3YrpaNsanY5ei1VoYEbOzijuq9BA==}

  zod@4.1.11:
    resolution: {integrity: sha512-WPsqwxITS2tzx1bzhIKsEs19ABD5vmCVa4xBo2tq/SrV4RNZtfws1EnCWQXM6yh8bD08a1idvkB5MZSBiZsjwg==}

snapshots:

  '@ai-sdk/gateway@1.0.33(zod@4.1.11)':
    dependencies:
      '@ai-sdk/provider': 2.0.0
      '@ai-sdk/provider-utils': 3.0.10(zod@4.1.11)
      '@vercel/oidc': 3.0.1
      zod: 4.1.11

  '@ai-sdk/openai@2.0.42(zod@4.1.11)':
    dependencies:
      '@ai-sdk/provider': 2.0.0
      '@ai-sdk/provider-utils': 3.0.10(zod@4.1.11)
      zod: 4.1.11

  '@ai-sdk/provider-utils@3.0.10(zod@4.1.11)':
    dependencies:
      '@ai-sdk/provider': 2.0.0
      '@standard-schema/spec': 1.0.0
      eventsource-parser: 3.0.6
      zod: 4.1.11

  '@ai-sdk/provider@2.0.0':
    dependencies:
      json-schema: 0.4.0

  '@opentelemetry/api@1.9.0': {}

  '@standard-schema/spec@1.0.0': {}

  '@vercel/oidc@3.0.1': {}

  ai@5.0.60(zod@4.1.11):
    dependencies:
      '@ai-sdk/gateway': 1.0.33(zod@4.1.11)
      '@ai-sdk/provider': 2.0.0
      '@ai-sdk/provider-utils': 3.0.10(zod@4.1.11)
      '@opentelemetry/api': 1.9.0
      zod: 4.1.11

  dotenv@17.2.3: {}

  eventsource-parser@3.0.6: {}

  json-schema@0.4.0: {}

  zod@4.1.11: {}
